PODS:
  - Alamofire (4.8.2)
  - AlamofireNetworkLogger (0.0.2):
    - Alamofire (~> 4.0)
  - BrightFutures (8.0.0)
  - CryptoSwift (1.0.0)
  - FacebookCore (0.8.0):
    - FBSDKCoreKit (~> 5.0)
  - FacebookLogin (0.8.0):
    - FacebookCore (~> 0.8.0)
    - FBSDKCoreKit (~> 5.0)
    - FBSDKLoginKit (~> 5.0)
  - FBSDKCoreKit (5.3.0):
    - FBSDKCoreKit/Basics (= 5.3.0)
    - FBSDKCoreKit/Core (= 5.3.0)
  - FBSDKCoreKit/Basics (5.3.0)
  - FBSDKCoreKit/Core (5.3.0):
    - FBSDKCoreKit/Basics
  - FBSDKLoginKit (5.3.0):
    - FBSDKCoreKit (~> 5.0)
  - GoogleSignIn (4.4.0):
    - "GoogleToolboxForMac/NSDictionary+URLArguments (~> 2.1)"
    - "GoogleToolboxForMac/NSString+URLArguments (~> 2.1)"
    - GTMSessionFetcher/Core (~> 1.1)
  - GoogleToolboxForMac/DebugUtils (2.2.1):
    - GoogleToolboxForMac/Defines (= 2.2.1)
  - GoogleToolboxForMac/Defines (2.2.1)
  - "GoogleToolboxForMac/NSDictionary+URLArguments (2.2.1)":
    - GoogleToolboxForMac/DebugUtils (= 2.2.1)
    - GoogleToolboxForMac/Defines (= 2.2.1)
    - "GoogleToolboxForMac/NSString+URLArguments (= 2.2.1)"
  - "GoogleToolboxForMac/NSString+URLArguments (2.2.1)"
  - GTMSessionFetcher/Core (1.2.2)
  - IdentitySdkCore (4.0.0-beta.15):
    - Alamofire (~> 4.8)
    - BrightFutures (~> 8.0.0)
    - CryptoSwift (~> 1.0.0)
  - IdentitySdkFacebook (4.0.0-beta.15):
    - FacebookCore (~> 0.8)
    - FacebookLogin (~> 0.8)
    - IdentitySdkCore (~> 4.0.0-beta.14)
  - IdentitySdkGoogle (4.0.0-beta.15):
    - GoogleSignIn (~> 4.4)
    - IdentitySdkCore (~> 4.0.0-beta.14)
  - IdentitySdkWebView (4.0.0-beta.15):
    - IdentitySdkCore (~> 4.0.0-beta.14)

DEPENDENCIES:
  - AlamofireNetworkLogger
  - IdentitySdkCore (from `../IdentitySdkCore.podspec`)
  - IdentitySdkFacebook (from `../IdentitySdkFacebook.podspec`)
  - IdentitySdkGoogle (from `../IdentitySdkGoogle.podspec`)
  - IdentitySdkWebView (from `../IdentitySdkWebView.podspec`)

SPEC REPOS:
  https://github.com/cocoapods/specs.git:
    - Alamofire
    - AlamofireNetworkLogger
    - BrightFutures
    - CryptoSwift
    - FacebookCore
    - FacebookLogin
    - FBSDKCoreKit
    - FBSDKLoginKit
    - GoogleSignIn
    - GoogleToolboxForMac
    - GTMSessionFetcher

EXTERNAL SOURCES:
  IdentitySdkCore:
    :path: "../IdentitySdkCore.podspec"
  IdentitySdkFacebook:
    :path: "../IdentitySdkFacebook.podspec"
  IdentitySdkGoogle:
    :path: "../IdentitySdkGoogle.podspec"
  IdentitySdkWebView:
    :path: "../IdentitySdkWebView.podspec"

SPEC CHECKSUMS:
  Alamofire: ae5c501addb7afdbb13687d7f2f722c78734c2d3
  AlamofireNetworkLogger: a035a0146fec0bcc5b0c392dd71fd06817a29b4f
  BrightFutures: f8427b46feabaf73c5e71ace7d86d65dfbb47696
  CryptoSwift: d81eeaa59dc5a8d03720fe919a6fd07b51f7439f
  FacebookCore: 563bb4cbcd7dd86cf89f3729252140bf256aacaa
  FacebookLogin: 8b966ae661e95e7dba837d7cc49cc464ce003dba
  FBSDKCoreKit: 39748deefe37a005f983722e433be2ddcdd83ae7
  FBSDKLoginKit: bc0329e10045789e8d40b12d4f15ddbd07a898e2
  GoogleSignIn: 7ff245e1a7b26d379099d3243a562f5747e23d39
  GoogleToolboxForMac: b3553629623a3b1bff17f555e736cd5a6d95ad55
  GTMSessionFetcher: 61bb0f61a4cb560030f1222021178008a5727a23
  IdentitySdkCore: 876d44a16e845c95edaaeb249a497e6d6f18390a
  IdentitySdkFacebook: 038d34be7894b2b7c44f24c491d6055f5e9ee5a0
  IdentitySdkGoogle: 83b372d7ca6b8fa9f0ffe3d4bfdb26f2b62b0167
  IdentitySdkWebView: c5abfcc91edce6b79ef8acc12c642f7ae3712ee0

PODFILE CHECKSUM: 8574bca010b022c6447f942c1e4d991ffef49aed

COCOAPODS: 1.7.5
