PODS:
  - Alamofire (5.6.4)
  - AppAuth (1.6.2):
    - AppAuth/Core (= 1.6.2)
    - AppAuth/ExternalUserAgent (= 1.6.2)
  - AppAuth/Core (1.6.2)
  - AppAuth/ExternalUserAgent (1.6.2):
    - AppAuth/Core
  - BrightFutures (8.2.0)
  - CryptoSwift (1.5.1)
  - FBAEMKit (14.1.0):
    - FBSDKCoreKit_Basics (= 14.1.0)
  - FBSDKCoreKit (14.1.0):
    - FBAEMKit (= 14.1.0)
    - FBSDKCoreKit_Basics (= 14.1.0)
  - FBSDKCoreKit_Basics (14.1.0)
  - FBSDKLoginKit (14.1.0):
    - FBSDKCoreKit (= 14.1.0)
  - GoogleSignIn (6.2.4):
    - AppAuth (~> 1.5)
    - GTMAppAuth (~> 1.3)
    - GTMSessionFetcher/Core (< 3.0, >= 1.1)
  - GTMAppAuth (1.3.1):
    - AppAuth/Core (~> 1.6)
    - GTMSessionFetcher/Core (< 3.0, >= 1.5)
  - GTMSessionFetcher/Core (2.3.0)
  - IdentitySdkCore (5.7.2):
    - Alamofire (~> 5.6.1)
    - BrightFutures (~> 8.2.0)
    - CryptoSwift (~> 1.5.1)
  - IdentitySdkFacebook (5.7.2):
    - FBSDKCoreKit (~> 14.1.0)
    - FBSDKLoginKit (~> 14.1.0)
    - IdentitySdkCore (~> 5)
  - IdentitySdkGoogle (5.7.2):
    - GoogleSignIn (~> 6)
    - IdentitySdkCore (~> 5)
  - IdentitySdkWebView (5.7.2):
    - IdentitySdkCore (~> 5)

DEPENDENCIES:
  - IdentitySdkCore (from `../IdentitySdkCore.podspec`)
  - IdentitySdkFacebook (from `../IdentitySdkFacebook.podspec`)
  - IdentitySdkGoogle (from `../IdentitySdkGoogle.podspec`)
  - IdentitySdkWebView (from `../IdentitySdkWebView.podspec`)

SPEC REPOS:
  trunk:
    - Alamofire
    - AppAuth
    - BrightFutures
    - CryptoSwift
    - FBAEMKit
    - FBSDKCoreKit
    - FBSDKCoreKit_Basics
    - FBSDKLoginKit
    - GoogleSignIn
    - GTMAppAuth
    - GTMSessionFetcher

EXTERNAL SOURCES:
  IdentitySdkCore:
    :path: "../IdentitySdkCore.podspec"
  IdentitySdkFacebook:
    :path: "../IdentitySdkFacebook.podspec"
  IdentitySdkGoogle:
    :path: "../IdentitySdkGoogle.podspec"
  IdentitySdkWebView:
    :path: "../IdentitySdkWebView.podspec"

SPEC CHECKSUMS:
  Alamofire: 4e95d97098eacb88856099c4fc79b526a299e48c
  AppAuth: 3bb1d1cd9340bd09f5ed189fb00b1cc28e1e8570
  BrightFutures: 67e0e8cd974ab9f6c04650cc64153f7adf1ec489
  CryptoSwift: c4f2debceb38bf44c80659afe009f71e23e4a082
  FBAEMKit: a899515e45476027f73aef377b5cffadcd56ca3a
  FBSDKCoreKit: 24f8bc8d3b5b2a8c5c656a1329492a12e8efa792
  FBSDKCoreKit_Basics: 6e578c9bdc7aa1365dbbbde633c9ebb536bcaa98
  FBSDKLoginKit: 787de205d524c3a4b17d527916f1d066e4361660
  GoogleSignIn: 5651ce3a61e56ca864160e79b484cd9ed3f49b7a
  GTMAppAuth: 0ff230db599948a9ad7470ca667337803b3fc4dd
  GTMSessionFetcher: 3a63d75eecd6aa32c2fc79f578064e1214dfdec2
  IdentitySdkCore: db2a8dbf1c40afe5f2a594257799a9d030261840
  IdentitySdkFacebook: e0c4081fec9e0ffb6d16ac75b878f011f4faf3f4
  IdentitySdkGoogle: a8a2ff7c57ec00b284967b34ef78d6e5926bae0c
  IdentitySdkWebView: 88930f74d695b2276604d2e87b607c30831aa684

PODFILE CHECKSUM: d208f2db8cd2b1ad968f0f0dffa64dc150022aef

COCOAPODS: 1.11.3
