PODS:
  - Alamofire (5.8.0)
  - BrightFutures (8.2.0)
  - CryptoSwift (1.8.0)
  - DeviceKit (5.1.0)
  - FBAEMKit (16.2.1):
    - FBSDKCoreKit_Basics (= 16.2.1)
  - FBSDKCoreKit (16.2.1):
    - FBAEMKit (= 16.2.1)
    - FBSDKCoreKit_Basics (= 16.2.1)
  - FBSDKCoreKit_Basics (16.2.1)
  - FBSDKLoginKit (16.2.1):
    - FBSDKCoreKit (= 16.2.1)
  - IdentitySdkCore (5.9.0):
    - Alamofire (~> 5.8)
    - BrightFutures (~> 8.2.0)
    - CryptoSwift (~> 1.8)
    - DeviceKit (~> 5.1)

DEPENDENCIES:
  - FBSDKCoreKit (~> 16.2.0)
  - FBSDKLoginKit (~> 16.2.0)
  - IdentitySdkCore (from `../IdentitySdkCore.podspec`)

SPEC REPOS:
  trunk:
    - Alamofire
    - BrightFutures
    - CryptoSwift
    - DeviceKit
    - FBAEMKit
    - FBSDKCoreKit
    - FBSDKCoreKit_Basics
    - FBSDKLoginKit

EXTERNAL SOURCES:
  IdentitySdkCore:
    :path: "../IdentitySdkCore.podspec"

SPEC CHECKSUMS:
  Alamofire: 0e92e751b3e9e66d7982db43919d01f313b8eb91
  BrightFutures: 67e0e8cd974ab9f6c04650cc64153f7adf1ec489
  CryptoSwift: 52aaf3fce7337552863b1d952e408085f0e65030
  DeviceKit: bcce5c26d9502e77e3a9fa5d1282877db388d922
  FBAEMKit: 4763aa27b8f69eb9d2c274189e91388de1dbd88a
  FBSDKCoreKit: 40ae989ca1da1bbeba56acd4671dde64ad415506
  FBSDKCoreKit_Basics: 1257d71d2d692661290bf2af4bea5f9a101387af
  FBSDKLoginKit: bf4f96d0ce475de2da4b1800ce150bd8a6f120f3
  IdentitySdkCore: 1b54462b3fdd028db93e30145978e53398cf6164

PODFILE CHECKSUM: 1bdaebb7f8a686a6ceb6829d8ca7c763fb1f6873

COCOAPODS: 1.11.3
