PODS:
  - Alamofire (4.9.0)
  - BrightFutures (8.0.0)
  - CryptoSwift (1.0.0)
  - FacebookCore (0.9.0):
    - FBSDKCoreKit (~> 5.0)
  - FacebookLogin (0.9.0):
    - FacebookCore (~> 0.9.0)
    - FBSDKCoreKit (~> 5.0)
    - FBSDKLoginKit (~> 5.0)
  - FBSDKCoreKit (5.5.0):
    - FBSDKCoreKit/Basics (= 5.5.0)
    - FBSDKCoreKit/Core (= 5.5.0)
  - FBSDKCoreKit/Basics (5.5.0)
  - FBSDKCoreKit/Core (5.5.0):
    - FBSDKCoreKit/Basics
  - FBSDKLoginKit (5.5.0):
    - FBSDKCoreKit (~> 5.0)
  - IdentitySdkCore (5.0.0):
    - Alamofire (~> 4.8)
    - BrightFutures (~> 8.0.0)
    - CryptoSwift (~> 1.0.0)

DEPENDENCIES:
  - FacebookCore (~> 0.8)
  - FacebookLogin (~> 0.8)
  - IdentitySdkCore (from `../IdentitySdkCore.podspec`)

SPEC REPOS:
  https://github.com/cocoapods/specs.git:
    - Alamofire
    - BrightFutures
    - CryptoSwift
    - FacebookCore
    - FacebookLogin
    - FBSDKCoreKit
    - FBSDKLoginKit

EXTERNAL SOURCES:
  IdentitySdkCore:
    :path: "../IdentitySdkCore.podspec"

SPEC CHECKSUMS:
  Alamofire: afc3e7c6db61476cb45cdd23fed06bad03bbc321
  BrightFutures: f8427b46feabaf73c5e71ace7d86d65dfbb47696
  CryptoSwift: d81eeaa59dc5a8d03720fe919a6fd07b51f7439f
  FacebookCore: ba86524b66cfa86d0f8e65d08faa8504a9f732dd
  FacebookLogin: 6cee9fd6e1fe976fe8f7eec199e27b28b14f5d63
  FBSDKCoreKit: 7ade9cfea30eef2f6cf105a1aa904f89ea68fb7d
  FBSDKLoginKit: bb28062f24e79590c44ba03297ca9bea4b6436d2
  IdentitySdkCore: c7785a32a11bda4feb1d7b0a81da4c56ae52c1bf

PODFILE CHECKSUM: 69a72c9811c42f9d256f7ff79c148f8ddfec0dce

COCOAPODS: 1.7.5
