PODS:
  - Alamofire (4.8.2)
  - AlamofireNetworkLogger (0.1.0):
    - Alamofire (~> 4.0)
  - BrightFutures (8.0.0)
  - CryptoSwift (1.0.0)

DEPENDENCIES:
  - Alamofire (~> 4.8.1)
  - AlamofireNetworkLogger
  - BrightFutures (~> 8.0.0)
  - CryptoSwift (~> 1.0.0)

SPEC REPOS:
  trunk:
    - Alamofire
    - AlamofireNetworkLogger
    - BrightFutures
    - CryptoSwift

SPEC CHECKSUMS:
  Alamofire: ae5c501addb7afdbb13687d7f2f722c78734c2d3
  AlamofireNetworkLogger: 46481fa95498e8e035ea6b391b0b5870e356c532
  BrightFutures: f8427b46feabaf73c5e71ace7d86d65dfbb47696
  CryptoSwift: d81eeaa59dc5a8d03720fe919a6fd07b51f7439f

PODFILE CHECKSUM: 9a81d75ed142b81f4e4d1ff5cf624668adba89d4

COCOAPODS: 1.9.3
