PODS:
  - Alamofire (4.8.2)
  - AlamofireObjectMapper (5.2.0):
    - Alamofire (~> 4.7)
    - ObjectMapper (~> 3.4)
  - GoogleSignIn (4.4.0):
    - "GoogleToolboxForMac/NSDictionary+URLArguments (~> 2.1)"
    - "GoogleToolboxForMac/NSString+URLArguments (~> 2.1)"
    - GTMSessionFetcher/Core (~> 1.1)
  - GoogleToolboxForMac/DebugUtils (2.2.1):
    - GoogleToolboxForMac/Defines (= 2.2.1)
  - GoogleToolboxForMac/Defines (2.2.1)
  - "GoogleToolboxForMac/NSDictionary+URLArguments (2.2.1)":
    - GoogleToolboxForMac/DebugUtils (= 2.2.1)
    - GoogleToolboxForMac/Defines (= 2.2.1)
    - "GoogleToolboxForMac/NSString+URLArguments (= 2.2.1)"
  - "GoogleToolboxForMac/NSString+URLArguments (2.2.1)"
  - GTMSessionFetcher/Core (1.2.2)
  - IdentitySdkCore (4.0.0):
    - Alamofire (~> 4.8.1)
    - AlamofireObjectMapper (~> 5.2)
  - ObjectMapper (3.5.0)

DEPENDENCIES:
  - GoogleSignIn (~> 4.4.0)
  - IdentitySdkCore (from `../IdentitySdkCore`)

SPEC REPOS:
  https://github.com/cocoapods/specs.git:
    - Alamofire
    - AlamofireObjectMapper
    - GoogleSignIn
    - GoogleToolboxForMac
    - GTMSessionFetcher
    - ObjectMapper

EXTERNAL SOURCES:
  IdentitySdkCore:
    :path: "../IdentitySdkCore"

SPEC CHECKSUMS:
  Alamofire: ae5c501addb7afdbb13687d7f2f722c78734c2d3
  AlamofireObjectMapper: 92b6ce2423a9d159e686f6a1d514a009bf903ddc
  GoogleSignIn: 7ff245e1a7b26d379099d3243a562f5747e23d39
  GoogleToolboxForMac: b3553629623a3b1bff17f555e736cd5a6d95ad55
  GTMSessionFetcher: 61bb0f61a4cb560030f1222021178008a5727a23
  IdentitySdkCore: cfe83cbd792b2f610df993cbce3271966f060057
  ObjectMapper: 078b564ed25c6578b62588e306bf1da3924636d4

PODFILE CHECKSUM: cdff79fec299c4823687eb0424ba08374cad24a9

COCOAPODS: 1.7.2
