PODS:
  - Alamofire (5.6.4)
  - AppAuth (1.6.0):
    - AppAuth/Core (= 1.6.0)
    - AppAuth/ExternalUserAgent (= 1.6.0)
  - AppAuth/Core (1.6.0)
  - AppAuth/ExternalUserAgent (1.6.0):
    - AppAuth/Core
  - BrightFutures (8.2.0)
  - CryptoSwift (1.5.1)
  - GoogleSignIn (6.2.4):
    - AppAuth (~> 1.5)
    - GTMAppAuth (~> 1.3)
    - GTMSessionFetcher/Core (< 3.0, >= 1.1)
  - GTMAppAuth (1.3.1):
    - AppAuth/Core (~> 1.6)
    - GTMSessionFetcher/Core (< 3.0, >= 1.5)
  - GTMSessionFetcher/Core (2.3.0)
  - IdentitySdkCore (5.8.0):
    - Alamofire (~> 5.6.1)
    - BrightFutures (~> 8.2.0)
    - CryptoSwift (~> 1.5.1)

DEPENDENCIES:
  - GoogleSignIn (~> 6)
  - IdentitySdkCore (from `../IdentitySdkCore.podspec`)

SPEC REPOS:
  trunk:
    - Alamofire
    - AppAuth
    - BrightFutures
    - CryptoSwift
    - GoogleSignIn
    - GTMAppAuth
    - GTMSessionFetcher

EXTERNAL SOURCES:
  IdentitySdkCore:
    :path: "../IdentitySdkCore.podspec"

SPEC CHECKSUMS:
  Alamofire: 4e95d97098eacb88856099c4fc79b526a299e48c
  AppAuth: 8fca6b5563a5baef2c04bee27538025e4ceb2add
  BrightFutures: 67e0e8cd974ab9f6c04650cc64153f7adf1ec489
  CryptoSwift: c4f2debceb38bf44c80659afe009f71e23e4a082
  GoogleSignIn: 5651ce3a61e56ca864160e79b484cd9ed3f49b7a
  GTMAppAuth: 0ff230db599948a9ad7470ca667337803b3fc4dd
  GTMSessionFetcher: 3a63d75eecd6aa32c2fc79f578064e1214dfdec2
  IdentitySdkCore: 95424c1016824eb9a92b3f570b1c10085b6af5de

PODFILE CHECKSUM: d1d7c181812238ba7243b194ae72f26e3f2cba44

COCOAPODS: 1.11.3
