// !$*UTF8*$!
{
	archiveVersion = 1;
	classes = {
	};
	objectVersion = 51;
	objects = {

/* Begin PBXBuildFile section */
		3414A7CD22DDD39C00CF393A /* ProfileController.swift in Sources */ = {isa = PBXBuildFile; fileRef = 3414A7CC22DDD39C00CF393A /* ProfileController.swift */; };
		341731FE229D6B6400681CFD /* AppDelegate.swift in Sources */ = {isa = PBXBuildFile; fileRef = 341731FD229D6B6400681CFD /* AppDelegate.swift */; };
		34173200229D6B6400681CFD /* LoginWithProvidersController.swift in Sources */ = {isa = PBXBuildFile; fileRef = 341731FF229D6B6400681CFD /* LoginWithProvidersController.swift */; };
		34173203229D6B6400681CFD /* Main.storyboard in Resources */ = {isa = PBXBuildFile; fileRef = 34173201229D6B6400681CFD /* Main.storyboard */; };
		34173205229D6B6400681CFD /* Assets.xcassets in Resources */ = {isa = PBXBuildFile; fileRef = 34173204229D6B6400681CFD /* Assets.xcassets */; };
		34173208229D6B6400681CFD /* LaunchScreen.storyboard in Resources */ = {isa = PBXBuildFile; fileRef = 34173206229D6B6400681CFD /* LaunchScreen.storyboard */; };
		3417FF6822F846610009EC84 /* UpdatePhoneNumberController.swift in Sources */ = {isa = PBXBuildFile; fileRef = 3417FF6722F846610009EC84 /* UpdatePhoneNumberController.swift */; };
		3417FF6E22FB06E50009EC84 /* PasswordlessController.swift in Sources */ = {isa = PBXBuildFile; fileRef = 3417FF6D22FB06E50009EC84 /* PasswordlessController.swift */; };
		3417FF7022FB11CD0009EC84 /* LoginWithPasswordController.swift in Sources */ = {isa = PBXBuildFile; fileRef = 3417FF6F22FB11CD0009EC84 /* LoginWithPasswordController.swift */; };
		34797ABD22A9607D00ED093C /* SignupController.swift in Sources */ = {isa = PBXBuildFile; fileRef = 34797ABC22A9607D00ED093C /* SignupController.swift */; };
		349E16EC230BEBBF002EA06B /* UpdatePasswordController.swift in Sources */ = {isa = PBXBuildFile; fileRef = 349E16EB230BEBBF002EA06B /* UpdatePasswordController.swift */; };
		ADC8995361C4AB125E775CCE /* Pods_Sandbox.framework in Frameworks */ = {isa = PBXBuildFile; fileRef = 514A43AA721312D19BFBD529 /* Pods_Sandbox.framework */; };
		EA91ACDEBA85D43349D63550 /* SecureStorage.swift in Sources */ = {isa = PBXBuildFile; fileRef = EA91A294C5DD405D6A38ADCC /* SecureStorage.swift */; };
/* End PBXBuildFile section */

/* Begin PBXFileReference section */
		3414A7CC22DDD39C00CF393A /* ProfileController.swift */ = {isa = PBXFileReference; lastKnownFileType = sourcecode.swift; path = ProfileController.swift; sourceTree = "<group>"; };
		341731FA229D6B6400681CFD /* Sandbox.app */ = {isa = PBXFileReference; explicitFileType = wrapper.application; includeInIndex = 0; path = Sandbox.app; sourceTree = BUILT_PRODUCTS_DIR; };
		341731FD229D6B6400681CFD /* AppDelegate.swift */ = {isa = PBXFileReference; lastKnownFileType = sourcecode.swift; path = AppDelegate.swift; sourceTree = "<group>"; };
		341731FF229D6B6400681CFD /* LoginWithProvidersController.swift */ = {isa = PBXFileReference; lastKnownFileType = sourcecode.swift; path = LoginWithProvidersController.swift; sourceTree = "<group>"; };
		34173202229D6B6400681CFD /* Base */ = {isa = PBXFileReference; lastKnownFileType = file.storyboard; name = Base; path = Base.lproj/Main.storyboard; sourceTree = "<group>"; };
		34173204229D6B6400681CFD /* Assets.xcassets */ = {isa = PBXFileReference; lastKnownFileType = folder.assetcatalog; path = Assets.xcassets; sourceTree = "<group>"; };
		34173207229D6B6400681CFD /* Base */ = {isa = PBXFileReference; lastKnownFileType = file.storyboard; name = Base; path = Base.lproj/LaunchScreen.storyboard; sourceTree = "<group>"; };
		34173209229D6B6400681CFD /* Info.plist */ = {isa = PBXFileReference; lastKnownFileType = text.plist.xml; path = Info.plist; sourceTree = "<group>"; };
		3417FF6722F846610009EC84 /* UpdatePhoneNumberController.swift */ = {isa = PBXFileReference; lastKnownFileType = sourcecode.swift; path = UpdatePhoneNumberController.swift; sourceTree = "<group>"; };
		3417FF6D22FB06E50009EC84 /* PasswordlessController.swift */ = {isa = PBXFileReference; lastKnownFileType = sourcecode.swift; path = PasswordlessController.swift; sourceTree = "<group>"; };
		3417FF6F22FB11CD0009EC84 /* LoginWithPasswordController.swift */ = {isa = PBXFileReference; lastKnownFileType = sourcecode.swift; path = LoginWithPasswordController.swift; sourceTree = "<group>"; };
		34797ABC22A9607D00ED093C /* SignupController.swift */ = {isa = PBXFileReference; lastKnownFileType = sourcecode.swift; path = SignupController.swift; sourceTree = "<group>"; };
		349E16EB230BEBBF002EA06B /* UpdatePasswordController.swift */ = {isa = PBXFileReference; lastKnownFileType = sourcecode.swift; path = UpdatePasswordController.swift; sourceTree = "<group>"; };
		514A43AA721312D19BFBD529 /* Pods_Sandbox.framework */ = {isa = PBXFileReference; explicitFileType = wrapper.framework; includeInIndex = 0; path = Pods_Sandbox.framework; sourceTree = BUILT_PRODUCTS_DIR; };
		75AC65C0735D780B9A6F4181 /* Pods-Sandbox.release.xcconfig */ = {isa = PBXFileReference; includeInIndex = 1; lastKnownFileType = text.xcconfig; name = "Pods-Sandbox.release.xcconfig"; path = "Target Support Files/Pods-Sandbox/Pods-Sandbox.release.xcconfig"; sourceTree = "<group>"; };
		81035E8DEC67D32DB84E55AA /* Pods-Sandbox.debug.xcconfig */ = {isa = PBXFileReference; includeInIndex = 1; lastKnownFileType = text.xcconfig; name = "Pods-Sandbox.debug.xcconfig"; path = "Target Support Files/Pods-Sandbox/Pods-Sandbox.debug.xcconfig"; sourceTree = "<group>"; };
		84E69687258A53AD003AF19B /* IdentitySdkCore.framework */ = {isa = PBXFileReference; explicitFileType = wrapper.framework; path = IdentitySdkCore.framework; sourceTree = BUILT_PRODUCTS_DIR; };
		84E6968B258A5534003AF19B /* IdentitySdkCore.framework */ = {isa = PBXFileReference; explicitFileType = wrapper.framework; path = IdentitySdkCore.framework; sourceTree = BUILT_PRODUCTS_DIR; };
		84E6968F258A5661003AF19B /* AddressBook.framework */ = {isa = PBXFileReference; lastKnownFileType = wrapper.framework; name = AddressBook.framework; path = System/Library/Frameworks/AddressBook.framework; sourceTree = SDKROOT; };
		EA91A294C5DD405D6A38ADCC /* SecureStorage.swift */ = {isa = PBXFileReference; fileEncoding = 4; lastKnownFileType = sourcecode.swift; path = SecureStorage.swift; sourceTree = "<group>"; };
/* End PBXFileReference section */

/* Begin PBXFrameworksBuildPhase section */
		341731F7229D6B6400681CFD /* Frameworks */ = {
			isa = PBXFrameworksBuildPhase;
			buildActionMask = 2147483647;
			files = (
				ADC8995361C4AB125E775CCE /* Pods_Sandbox.framework in Frameworks */,
			);
			runOnlyForDeploymentPostprocessing = 0;
		};
/* End PBXFrameworksBuildPhase section */

/* Begin PBXGroup section */
		341731F1229D6B6400681CFD = {
			isa = PBXGroup;
			children = (
				341731FC229D6B6400681CFD /* Sandbox */,
				341731FB229D6B6400681CFD /* Products */,
				8CD874808BCF122A3F9EDA83 /* Pods */,
				A19C0883C2C3964994A2A248 /* Frameworks */,
			);
			sourceTree = "<group>";
		};
		341731FB229D6B6400681CFD /* Products */ = {
			isa = PBXGroup;
			children = (
				341731FA229D6B6400681CFD /* Sandbox.app */,
			);
			name = Products;
			sourceTree = "<group>";
		};
		341731FC229D6B6400681CFD /* Sandbox */ = {
			isa = PBXGroup;
			children = (
				341731FD229D6B6400681CFD /* AppDelegate.swift */,
				341731FF229D6B6400681CFD /* LoginWithProvidersController.swift */,
				3414A7CC22DDD39C00CF393A /* ProfileController.swift */,
				34797ABC22A9607D00ED093C /* SignupController.swift */,
				3417FF6722F846610009EC84 /* UpdatePhoneNumberController.swift */,
				3417FF6F22FB11CD0009EC84 /* LoginWithPasswordController.swift */,
				3417FF6D22FB06E50009EC84 /* PasswordlessController.swift */,
				349E16EB230BEBBF002EA06B /* UpdatePasswordController.swift */,
				34173201229D6B6400681CFD /* Main.storyboard */,
				34173204229D6B6400681CFD /* Assets.xcassets */,
				34173206229D6B6400681CFD /* LaunchScreen.storyboard */,
				34173209229D6B6400681CFD /* Info.plist */,
				EA91A294C5DD405D6A38ADCC /* SecureStorage.swift */,
			);
			path = Sandbox;
			sourceTree = "<group>";
		};
		8CD874808BCF122A3F9EDA83 /* Pods */ = {
			isa = PBXGroup;
			children = (
				81035E8DEC67D32DB84E55AA /* Pods-Sandbox.debug.xcconfig */,
				75AC65C0735D780B9A6F4181 /* Pods-Sandbox.release.xcconfig */,
			);
			path = Pods;
			sourceTree = "<group>";
		};
		A19C0883C2C3964994A2A248 /* Frameworks */ = {
			isa = PBXGroup;
			children = (
				84E6968F258A5661003AF19B /* AddressBook.framework */,
				84E6968B258A5534003AF19B /* IdentitySdkCore.framework */,
				84E69687258A53AD003AF19B /* IdentitySdkCore.framework */,
				514A43AA721312D19BFBD529 /* Pods_Sandbox.framework */,
			);
			name = Frameworks;
			sourceTree = "<group>";
		};
/* End PBXGroup section */

/* Begin PBXNativeTarget section */
		341731F9229D6B6400681CFD /* Sandbox */ = {
			isa = PBXNativeTarget;
			buildConfigurationList = 3417320C229D6B6400681CFD /* Build configuration list for PBXNativeTarget "Sandbox" */;
			buildPhases = (
				FDD2E9DEC1BF5CB9300AA469 /* [CP] Check Pods Manifest.lock */,
				341731F6229D6B6400681CFD /* Sources */,
				341731F7229D6B6400681CFD /* Frameworks */,
				341731F8229D6B6400681CFD /* Resources */,
				D749846787C43CE94EBEEB6E /* [CP] Embed Pods Frameworks */,
				84AC4B92D0B0EFDD64E12CAA /* [CP] Copy Pods Resources */,
			);
			buildRules = (
			);
			dependencies = (
			);
			name = Sandbox;
			productName = Sandbox;
			productReference = 341731FA229D6B6400681CFD /* Sandbox.app */;
			productType = "com.apple.product-type.application";
		};
/* End PBXNativeTarget section */

/* Begin PBXProject section */
		341731F2229D6B6400681CFD /* Project object */ = {
			isa = PBXProject;
			attributes = {
				KnownAssetTags = (
					password,
				);
				LastSwiftUpdateCheck = 1020;
				LastUpgradeCheck = 1210;
				ORGANIZATIONNAME = Reachfive;
				TargetAttributes = {
					341731F9229D6B6400681CFD = {
						CreatedOnToolsVersion = 10.2.1;
					};
				};
			};
			buildConfigurationList = 341731F5229D6B6400681CFD /* Build configuration list for PBXProject "Sandbox" */;
			compatibilityVersion = "Xcode 9.3";
			developmentRegion = en;
			hasScannedForEncodings = 0;
			knownRegions = (
				en,
				Base,
			);
			mainGroup = 341731F1229D6B6400681CFD;
			productRefGroup = 341731FB229D6B6400681CFD /* Products */;
			projectDirPath = "";
			projectRoot = "";
			targets = (
				341731F9229D6B6400681CFD /* Sandbox */,
			);
		};
/* End PBXProject section */

/* Begin PBXResourcesBuildPhase section */
		341731F8229D6B6400681CFD /* Resources */ = {
			isa = PBXResourcesBuildPhase;
			buildActionMask = 2147483647;
			files = (
				34173208229D6B6400681CFD /* LaunchScreen.storyboard in Resources */,
				34173205229D6B6400681CFD /* Assets.xcassets in Resources */,
				34173203229D6B6400681CFD /* Main.storyboard in Resources */,
			);
			runOnlyForDeploymentPostprocessing = 0;
		};
/* End PBXResourcesBuildPhase section */

/* Begin PBXShellScriptBuildPhase section */
		84AC4B92D0B0EFDD64E12CAA /* [CP] Copy Pods Resources */ = {
			isa = PBXShellScriptBuildPhase;
			buildActionMask = 2147483647;
			files = (
			);
			inputFileListPaths = (
				"${PODS_ROOT}/Target Support Files/Pods-Sandbox/Pods-Sandbox-resources-${CONFIGURATION}-input-files.xcfilelist",
			);
			name = "[CP] Copy Pods Resources";
			outputFileListPaths = (
				"${PODS_ROOT}/Target Support Files/Pods-Sandbox/Pods-Sandbox-resources-${CONFIGURATION}-output-files.xcfilelist",
			);
			runOnlyForDeploymentPostprocessing = 0;
			shellPath = /bin/sh;
			shellScript = "\"${PODS_ROOT}/Target Support Files/Pods-Sandbox/Pods-Sandbox-resources.sh\"\n";
			showEnvVarsInLog = 0;
		};
		D749846787C43CE94EBEEB6E /* [CP] Embed Pods Frameworks */ = {
			isa = PBXShellScriptBuildPhase;
			buildActionMask = 2147483647;
			files = (
			);
			inputFileListPaths = (
				"${PODS_ROOT}/Target Support Files/Pods-Sandbox/Pods-Sandbox-frameworks-${CONFIGURATION}-input-files.xcfilelist",
			);
			name = "[CP] Embed Pods Frameworks";
			outputFileListPaths = (
				"${PODS_ROOT}/Target Support Files/Pods-Sandbox/Pods-Sandbox-frameworks-${CONFIGURATION}-output-files.xcfilelist",
			);
			runOnlyForDeploymentPostprocessing = 0;
			shellPath = /bin/sh;
			shellScript = "\"${PODS_ROOT}/Target Support Files/Pods-Sandbox/Pods-Sandbox-frameworks.sh\"\n";
			showEnvVarsInLog = 0;
		};
		FDD2E9DEC1BF5CB9300AA469 /* [CP] Check Pods Manifest.lock */ = {
			isa = PBXShellScriptBuildPhase;
			buildActionMask = 2147483647;
			files = (
			);
			inputFileListPaths = (
			);
			inputPaths = (
				"${PODS_PODFILE_DIR_PATH}/Podfile.lock",
				"${PODS_ROOT}/Manifest.lock",
			);
			name = "[CP] Check Pods Manifest.lock";
			outputFileListPaths = (
			);
			outputPaths = (
				"$(DERIVED_FILE_DIR)/Pods-Sandbox-checkManifestLockResult.txt",
			);
			runOnlyForDeploymentPostprocessing = 0;
			shellPath = /bin/sh;
			shellScript = "diff \"${PODS_PODFILE_DIR_PATH}/Podfile.lock\" \"${PODS_ROOT}/Manifest.lock\" > /dev/null\nif [ $? != 0 ] ; then\n    # print error to STDERR\n    echo \"error: The sandbox is not in sync with the Podfile.lock. Run 'pod install' or update your CocoaPods installation.\" >&2\n    exit 1\nfi\n# This output is used by Xcode 'outputs' to avoid re-running this script phase.\necho \"SUCCESS\" > \"${SCRIPT_OUTPUT_FILE_0}\"\n";
			showEnvVarsInLog = 0;
		};
/* End PBXShellScriptBuildPhase section */

/* Begin PBXSourcesBuildPhase section */
		341731F6229D6B6400681CFD /* Sources */ = {
			isa = PBXSourcesBuildPhase;
			buildActionMask = 2147483647;
			files = (
				34797ABD22A9607D00ED093C /* SignupController.swift in Sources */,
				3417FF7022FB11CD0009EC84 /* LoginWithPasswordController.swift in Sources */,
				34173200229D6B6400681CFD /* LoginWithProvidersController.swift in Sources */,
				349E16EC230BEBBF002EA06B /* UpdatePasswordController.swift in Sources */,
				341731FE229D6B6400681CFD /* AppDelegate.swift in Sources */,
				3417FF6822F846610009EC84 /* UpdatePhoneNumberController.swift in Sources */,
				3414A7CD22DDD39C00CF393A /* ProfileController.swift in Sources */,
				3417FF6E22FB06E50009EC84 /* PasswordlessController.swift in Sources */,
				EA91ACDEBA85D43349D63550 /* SecureStorage.swift in Sources */,
			);
			runOnlyForDeploymentPostprocessing = 0;
		};
/* End PBXSourcesBuildPhase section */

/* Begin PBXVariantGroup section */
		34173201229D6B6400681CFD /* Main.storyboard */ = {
			isa = PBXVariantGroup;
			children = (
				34173202229D6B6400681CFD /* Base */,
			);
			name = Main.storyboard;
			sourceTree = "<group>";
		};
		34173206229D6B6400681CFD /* LaunchScreen.storyboard */ = {
			isa = PBXVariantGroup;
			children = (
				34173207229D6B6400681CFD /* Base */,
			);
			name = LaunchScreen.storyboard;
			sourceTree = "<group>";
		};
/* End PBXVariantGroup section */

/* Begin XCBuildConfiguration section */
		3417320A229D6B6400681CFD /* Debug */ = {
			isa = XCBuildConfiguration;
			buildSettings = {
				ALWAYS_SEARCH_USER_PATHS = NO;
				CLANG_ANALYZER_NONNULL = YES;
				CLANG_ANALYZER_NUMBER_OBJECT_CONVERSION = YES_AGGRESSIVE;
				CLANG_CXX_LANGUAGE_STANDARD = "gnu++14";
				CLANG_CXX_LIBRARY = "libc++";
				CLANG_ENABLE_MODULES = YES;
				CLANG_ENABLE_OBJC_ARC = YES;
				CLANG_ENABLE_OBJC_WEAK = YES;
				CLANG_WARN_BLOCK_CAPTURE_AUTORELEASING = YES;
				CLANG_WARN_BOOL_CONVERSION = YES;
				CLANG_WARN_COMMA = YES;
				CLANG_WARN_CONSTANT_CONVERSION = YES;
				CLANG_WARN_DEPRECATED_OBJC_IMPLEMENTATIONS = YES;
				CLANG_WARN_DIRECT_OBJC_ISA_USAGE = YES_ERROR;
				CLANG_WARN_DOCUMENTATION_COMMENTS = YES;
				CLANG_WARN_EMPTY_BODY = YES;
				CLANG_WARN_ENUM_CONVERSION = YES;
				CLANG_WARN_INFINITE_RECURSION = YES;
				CLANG_WARN_INT_CONVERSION = YES;
				CLANG_WARN_NON_LITERAL_NULL_CONVERSION = YES;
				CLANG_WARN_OBJC_IMPLICIT_RETAIN_SELF = YES;
				CLANG_WARN_OBJC_LITERAL_CONVERSION = YES;
				CLANG_WARN_OBJC_ROOT_CLASS = YES_ERROR;
				CLANG_WARN_QUOTED_INCLUDE_IN_FRAMEWORK_HEADER = YES;
				CLANG_WARN_RANGE_LOOP_ANALYSIS = YES;
				CLANG_WARN_STRICT_PROTOTYPES = YES;
				CLANG_WARN_SUSPICIOUS_MOVE = YES;
				CLANG_WARN_UNGUARDED_AVAILABILITY = YES_AGGRESSIVE;
				CLANG_WARN_UNREACHABLE_CODE = YES;
				CLANG_WARN__DUPLICATE_METHOD_MATCH = YES;
				CODE_SIGN_IDENTITY = "iPhone Developer";
				COPY_PHASE_STRIP = NO;
				DEBUG_INFORMATION_FORMAT = dwarf;
				ENABLE_STRICT_OBJC_MSGSEND = YES;
				ENABLE_TESTABILITY = YES;
				GCC_C_LANGUAGE_STANDARD = gnu11;
				GCC_DYNAMIC_NO_PIC = NO;
				GCC_NO_COMMON_BLOCKS = YES;
				GCC_OPTIMIZATION_LEVEL = 0;
				GCC_PREPROCESSOR_DEFINITIONS = (
					"DEBUG=1",
					"$(inherited)",
				);
				GCC_WARN_64_TO_32_BIT_CONVERSION = YES;
				GCC_WARN_ABOUT_RETURN_TYPE = YES_ERROR;
				GCC_WARN_UNDECLARED_SELECTOR = YES;
				GCC_WARN_UNINITIALIZED_AUTOS = YES_AGGRESSIVE;
				GCC_WARN_UNUSED_FUNCTION = YES;
				GCC_WARN_UNUSED_VARIABLE = YES;
				IPHONEOS_DEPLOYMENT_TARGET = 12.2;
				MTL_ENABLE_DEBUG_INFO = INCLUDE_SOURCE;
				MTL_FAST_MATH = YES;
				ONLY_ACTIVE_ARCH = YES;
				SDKROOT = iphoneos;
				SWIFT_ACTIVE_COMPILATION_CONDITIONS = DEBUG;
				SWIFT_OPTIMIZATION_LEVEL = "-Onone";
			};
			name = Debug;
		};
		3417320B229D6B6400681CFD /* Release */ = {
			isa = XCBuildConfiguration;
			buildSettings = {
				ALWAYS_SEARCH_USER_PATHS = NO;
				CLANG_ANALYZER_NONNULL = YES;
				CLANG_ANALYZER_NUMBER_OBJECT_CONVERSION = YES_AGGRESSIVE;
				CLANG_CXX_LANGUAGE_STANDARD = "gnu++14";
				CLANG_CXX_LIBRARY = "libc++";
				CLANG_ENABLE_MODULES = YES;
				CLANG_ENABLE_OBJC_ARC = YES;
				CLANG_ENABLE_OBJC_WEAK = YES;
				CLANG_WARN_BLOCK_CAPTURE_AUTORELEASING = YES;
				CLANG_WARN_BOOL_CONVERSION = YES;
				CLANG_WARN_COMMA = YES;
				CLANG_WARN_CONSTANT_CONVERSION = YES;
				CLANG_WARN_DEPRECATED_OBJC_IMPLEMENTATIONS = YES;
				CLANG_WARN_DIRECT_OBJC_ISA_USAGE = YES_ERROR;
				CLANG_WARN_DOCUMENTATION_COMMENTS = YES;
				CLANG_WARN_EMPTY_BODY = YES;
				CLANG_WARN_ENUM_CONVERSION = YES;
				CLANG_WARN_INFINITE_RECURSION = YES;
				CLANG_WARN_INT_CONVERSION = YES;
				CLANG_WARN_NON_LITERAL_NULL_CONVERSION = YES;
				CLANG_WARN_OBJC_IMPLICIT_RETAIN_SELF = YES;
				CLANG_WARN_OBJC_LITERAL_CONVERSION = YES;
				CLANG_WARN_OBJC_ROOT_CLASS = YES_ERROR;
				CLANG_WARN_QUOTED_INCLUDE_IN_FRAMEWORK_HEADER = YES;
				CLANG_WARN_RANGE_LOOP_ANALYSIS = YES;
				CLANG_WARN_STRICT_PROTOTYPES = YES;
				CLANG_WARN_SUSPICIOUS_MOVE = YES;
				CLANG_WARN_UNGUARDED_AVAILABILITY = YES_AGGRESSIVE;
				CLANG_WARN_UNREACHABLE_CODE = YES;
				CLANG_WARN__DUPLICATE_METHOD_MATCH = YES;
				CODE_SIGN_IDENTITY = "iPhone Developer";
				COPY_PHASE_STRIP = NO;
				DEBUG_INFORMATION_FORMAT = "dwarf-with-dsym";
				ENABLE_NS_ASSERTIONS = NO;
				ENABLE_STRICT_OBJC_MSGSEND = YES;
				GCC_C_LANGUAGE_STANDARD = gnu11;
				GCC_NO_COMMON_BLOCKS = YES;
				GCC_WARN_64_TO_32_BIT_CONVERSION = YES;
				GCC_WARN_ABOUT_RETURN_TYPE = YES_ERROR;
				GCC_WARN_UNDECLARED_SELECTOR = YES;
				GCC_WARN_UNINITIALIZED_AUTOS = YES_AGGRESSIVE;
				GCC_WARN_UNUSED_FUNCTION = YES;
				GCC_WARN_UNUSED_VARIABLE = YES;
				IPHONEOS_DEPLOYMENT_TARGET = 12.2;
				MTL_ENABLE_DEBUG_INFO = NO;
				MTL_FAST_MATH = YES;
				SDKROOT = iphoneos;
				SWIFT_COMPILATION_MODE = wholemodule;
				SWIFT_OPTIMIZATION_LEVEL = "-O";
				VALIDATE_PRODUCT = YES;
			};
			name = Release;
		};
		3417320D229D6B6400681CFD /* Debug */ = {
			isa = XCBuildConfiguration;
			baseConfigurationReference = 81035E8DEC67D32DB84E55AA /* Pods-Sandbox.debug.xcconfig */;
			buildSettings = {
				ASSETCATALOG_COMPILER_APPICON_NAME = AppIcon;
				CODE_SIGN_IDENTITY = "iPhone Developer";
				CODE_SIGN_STYLE = Automatic;
				DEVELOPMENT_TEAM = 2SHU255SWF;
				INFOPLIST_FILE = Sandbox/Info.plist;
				IPHONEOS_DEPLOYMENT_TARGET = 12.2;
				LD_RUNPATH_SEARCH_PATHS = (
					"$(inherited)",
					"@executable_path/Frameworks",
				);
				PRODUCT_BUNDLE_IDENTIFIER = com.reach5.Sandbox;
				PRODUCT_NAME = "$(TARGET_NAME)";
				PROVISIONING_PROFILE_SPECIFIER = "";
				SWIFT_VERSION = 5.0;
				TARGETED_DEVICE_FAMILY = "1,2";
			};
			name = Debug;
		};
		3417320E229D6B6400681CFD /* Release */ = {
			isa = XCBuildConfiguration;
			baseConfigurationReference = 75AC65C0735D780B9A6F4181 /* Pods-Sandbox.release.xcconfig */;
			buildSettings = {
				ASSETCATALOG_COMPILER_APPICON_NAME = AppIcon;
				CODE_SIGN_IDENTITY = "iPhone Developer";
				CODE_SIGN_STYLE = Automatic;
				DEVELOPMENT_TEAM = 2SHU255SWF;
				INFOPLIST_FILE = Sandbox/Info.plist;
				IPHONEOS_DEPLOYMENT_TARGET = 12.2;
				LD_RUNPATH_SEARCH_PATHS = (
					"$(inherited)",
					"@executable_path/Frameworks",
				);
				PRODUCT_BUNDLE_IDENTIFIER = com.reach5.Sandbox;
				PRODUCT_NAME = "$(TARGET_NAME)";
				PROVISIONING_PROFILE_SPECIFIER = "";
				SWIFT_VERSION = 5.0;
				TARGETED_DEVICE_FAMILY = "1,2";
			};
			name = Release;
		};
/* End XCBuildConfiguration section */

/* Begin XCConfigurationList section */
		341731F5229D6B6400681CFD /* Build configuration list for PBXProject "Sandbox" */ = {
			isa = XCConfigurationList;
			buildConfigurations = (
				3417320A229D6B6400681CFD /* Debug */,
				3417320B229D6B6400681CFD /* Release */,
			);
			defaultConfigurationIsVisible = 0;
			defaultConfigurationName = Release;
		};
		3417320C229D6B6400681CFD /* Build configuration list for PBXNativeTarget "Sandbox" */ = {
			isa = XCConfigurationList;
			buildConfigurations = (
				3417320D229D6B6400681CFD /* Debug */,
				3417320E229D6B6400681CFD /* Release */,
			);
			defaultConfigurationIsVisible = 0;
			defaultConfigurationName = Release;
		};
/* End XCConfigurationList section */
	};
	rootObject = 341731F2229D6B6400681CFD /* Project object */;
}
