PODS:
  - Alamofire (4.9.1)
  - BrightFutures (8.0.0)
  - CryptoSwift (1.1.3)
  - IdentitySdkCore (5.2.0):
    - Alamofire (~> 4.9)
    - BrightFutures (~> 8.0)
    - CryptoSwift (~> 1.1)

DEPENDENCIES:
  - IdentitySdkCore (from `../IdentitySdkCore.podspec`)

SPEC REPOS:
  trunk:
    - Alamofire
    - BrightFutures
    - CryptoSwift

EXTERNAL SOURCES:
  IdentitySdkCore:
    :path: "../IdentitySdkCore.podspec"

SPEC CHECKSUMS:
  Alamofire: 85e8a02c69d6020a0d734f6054870d7ecb75cf18
  BrightFutures: f8427b46feabaf73c5e71ace7d86d65dfbb47696
  CryptoSwift: 6b6e488df0598b3e9fa49254ed1a65e8c1b1e10b
  IdentitySdkCore: 2592987613bc59f107a7c3a9bb036a39d578b877

PODFILE CHECKSUM: e63fcb4c65d9d34c1639c962bd3416000e26c98d

COCOAPODS: 1.8.4
