PODS:
  - Alamofire (4.9.0)
  - BrightFutures (8.0.0)
  - CryptoSwift (1.1.2)
  - IdentitySdkCore (5.1.1):
    - Alamofire (~> 4.9)
    - BrightFutures (~> 8.0)
    - CryptoSwift (~> 1.1)

DEPENDENCIES:
  - IdentitySdkCore (from `../IdentitySdkCore.podspec`)

SPEC REPOS:
  trunk:
    - Alamofire
    - BrightFutures
    - CryptoSwift

EXTERNAL SOURCES:
  IdentitySdkCore:
    :path: "../IdentitySdkCore.podspec"

SPEC CHECKSUMS:
  Alamofire: afc3e7c6db61476cb45cdd23fed06bad03bbc321
  BrightFutures: f8427b46feabaf73c5e71ace7d86d65dfbb47696
  CryptoSwift: 31dacd1f13427439ddae5b5cbaae4c8dbc43047e
  IdentitySdkCore: 3aaf5dc2e0e7e0506cca4dbb980bc3c93d30ad5d

PODFILE CHECKSUM: e63fcb4c65d9d34c1639c962bd3416000e26c98d

COCOAPODS: 1.8.3
