PODS:
  - Alamofire (4.8.2)
  - BrightFutures (8.0.0)
  - CryptoSwift (1.0.0)
  - IdentitySdkCore (4.0.0-beta.15):
    - Alamofire (~> 4.8)
    - BrightFutures (~> 8.0.0)
    - CryptoSwift (~> 1.0.0)

DEPENDENCIES:
  - IdentitySdkCore (from `../IdentitySdkCore.podspec`)

SPEC REPOS:
  https://github.com/cocoapods/specs.git:
    - Alamofire
    - BrightFutures
    - CryptoSwift

EXTERNAL SOURCES:
  IdentitySdkCore:
    :path: "../IdentitySdkCore.podspec"

SPEC CHECKSUMS:
  Alamofire: ae5c501addb7afdbb13687d7f2f722c78734c2d3
  BrightFutures: f8427b46feabaf73c5e71ace7d86d65dfbb47696
  CryptoSwift: d81eeaa59dc5a8d03720fe919a6fd07b51f7439f
  IdentitySdkCore: 876d44a16e845c95edaaeb249a497e6d6f18390a

PODFILE CHECKSUM: e63fcb4c65d9d34c1639c962bd3416000e26c98d

COCOAPODS: 1.7.5
